
Microsoft Visual Studio Solution File, Format Version 12.00
# Visual Studio Version 17
VisualStudioVersion = 17.0.31903.59
MinimumVisualStudioVersion = 10.0.40219.1
Project("{FAE04EC0-301F-11D3-BF4B-00C04F79EFBC}") = "TC.Domain", "TC.Domain\TC.Domain.csproj", "{ACD065C9-05FF-4E6A-BBDF-5989313195B5}"
EndProject
Project("{FAE04EC0-301F-11D3-BF4B-00C04F79EFBC}") = "TC.Api", "TC.Api\TC.Api.csproj", "{198AFF3E-A3C5-464C-95C1-1D5247B3BBD6}"
EndProject
Project("{FAE04EC0-301F-11D3-BF4B-00C04F79EFBC}") = "TC.Data", "TC.Data\TC.Data.csproj", "{983F009B-EE4D-40C7-AAFE-171F937E5A65}"
EndProject
Project("{2150E333-8FDC-42A3-9474-1A3956D46DE8}") = "tests", "tests", "{056FDAD0-AE6A-450B-8770-78DC8121AF49}"
EndProject
Project("{FAE04EC0-301F-11D3-BF4B-00C04F79EFBC}") = "TC.Domain.Tests", "tests\TC.Domain.Tests\TC.Domain.Tests.csproj", "{78AA4FCC-D29C-4F0B-92A3-A63523E37961}"
EndProject
Global
	GlobalSection(SolutionConfigurationPlatforms) = preSolution
		Debug|Any CPU = Debug|Any CPU
		Release|Any CPU = Release|Any CPU
	EndGlobalSection
	GlobalSection(SolutionProperties) = preSolution
		HideSolutionNode = FALSE
	EndGlobalSection
	GlobalSection(ProjectConfigurationPlatforms) = postSolution
		{ACD065C9-05FF-4E6A-BBDF-5989313195B5}.Debug|Any CPU.ActiveCfg = Debug|Any CPU
		{ACD065C9-05FF-4E6A-BBDF-5989313195B5}.Debug|Any CPU.Build.0 = Debug|Any CPU
		{ACD065C9-05FF-4E6A-BBDF-5989313195B5}.Release|Any CPU.ActiveCfg = Release|Any CPU
		{ACD065C9-05FF-4E6A-BBDF-5989313195B5}.Release|Any CPU.Build.0 = Release|Any CPU
		{198AFF3E-A3C5-464C-95C1-1D5247B3BBD6}.Debug|Any CPU.ActiveCfg = Debug|Any CPU
		{198AFF3E-A3C5-464C-95C1-1D5247B3BBD6}.Debug|Any CPU.Build.0 = Debug|Any CPU
		{198AFF3E-A3C5-464C-95C1-1D5247B3BBD6}.Release|Any CPU.ActiveCfg = Release|Any CPU
		{198AFF3E-A3C5-464C-95C1-1D5247B3BBD6}.Release|Any CPU.Build.0 = Release|Any CPU
		{983F009B-EE4D-40C7-AAFE-171F937E5A65}.Debug|Any CPU.ActiveCfg = Debug|Any CPU
		{983F009B-EE4D-40C7-AAFE-171F937E5A65}.Debug|Any CPU.Build.0 = Debug|Any CPU
		{983F009B-EE4D-40C7-AAFE-171F937E5A65}.Release|Any CPU.ActiveCfg = Release|Any CPU
		{983F009B-EE4D-40C7-AAFE-171F937E5A65}.Release|Any CPU.Build.0 = Release|Any CPU
		{4CC5FD7B-1345-4D55-9811-BE10CD0CFB3D}.Debug|Any CPU.ActiveCfg = Debug|Any CPU
		{4CC5FD7B-1345-4D55-9811-BE10CD0CFB3D}.Debug|Any CPU.Build.0 = Debug|Any CPU
		{4CC5FD7B-1345-4D55-9811-BE10CD0CFB3D}.Release|Any CPU.ActiveCfg = Release|Any CPU
		{4CC5FD7B-1345-4D55-9811-BE10CD0CFB3D}.Release|Any CPU.Build.0 = Release|Any CPU
		{49D365B5-CE8D-4442-AD93-341EF11D717A}.Debug|Any CPU.ActiveCfg = Debug|Any CPU
		{49D365B5-CE8D-4442-AD93-341EF11D717A}.Debug|Any CPU.Build.0 = Debug|Any CPU
		{49D365B5-CE8D-4442-AD93-341EF11D717A}.Release|Any CPU.ActiveCfg = Release|Any CPU
		{49D365B5-CE8D-4442-AD93-341EF11D717A}.Release|Any CPU.Build.0 = Release|Any CPU
		{78AA4FCC-D29C-4F0B-92A3-A63523E37961}.Debug|Any CPU.ActiveCfg = Debug|Any CPU
		{78AA4FCC-D29C-4F0B-92A3-A63523E37961}.Debug|Any CPU.Build.0 = Debug|Any CPU
		{78AA4FCC-D29C-4F0B-92A3-A63523E37961}.Release|Any CPU.ActiveCfg = Release|Any CPU
		{78AA4FCC-D29C-4F0B-92A3-A63523E37961}.Release|Any CPU.Build.0 = Release|Any CPU
	EndGlobalSection
	GlobalSection(NestedProjects) = preSolution
		{78AA4FCC-D29C-4F0B-92A3-A63523E37961} = {056FDAD0-AE6A-450B-8770-78DC8121AF49}
	EndGlobalSection
EndGlobal
