
Microsoft Visual Studio Solution File, Format Version 12.00
# Visual Studio Version 17
VisualStudioVersion = 17.0.31903.59
MinimumVisualStudioVersion = 10.0.40219.1
Project("{FAE04EC0-301F-11D3-BF4B-00C04F79EFBC}") = "TC.Domain", "TC.Domain\TC.Domain.csproj", "{ACD065C9-05FF-4E6A-BBDF-5989313195B5}"
EndProject
Project("{FAE04EC0-301F-11D3-BF4B-00C04F79EFBC}") = "TC.Api", "TC.Api\TC.Api.csproj", "{198AFF3E-A3C5-464C-95C1-1D5247B3BBD6}"
EndProject
Global
	GlobalSection(SolutionConfigurationPlatforms) = preSolution
		Debug|Any CPU = Debug|Any CPU
		Release|Any CPU = Release|Any CPU
	EndGlobalSection
	GlobalSection(SolutionProperties) = preSolution
		HideSolutionNode = FALSE
	EndGlobalSection
	GlobalSection(ProjectConfigurationPlatforms) = postSolution
		{ACD065C9-05FF-4E6A-BBDF-5989313195B5}.Debug|Any CPU.ActiveCfg = Debug|Any CPU
		{ACD065C9-05FF-4E6A-BBDF-5989313195B5}.Debug|Any CPU.Build.0 = Debug|Any CPU
		{ACD065C9-05FF-4E6A-BBDF-5989313195B5}.Release|Any CPU.ActiveCfg = Release|Any CPU
		{ACD065C9-05FF-4E6A-BBDF-5989313195B5}.Release|Any CPU.Build.0 = Release|Any CPU
		{198AFF3E-A3C5-464C-95C1-1D5247B3BBD6}.Debug|Any CPU.ActiveCfg = Debug|Any CPU
		{198AFF3E-A3C5-464C-95C1-1D5247B3BBD6}.Debug|Any CPU.Build.0 = Debug|Any CPU
		{198AFF3E-A3C5-464C-95C1-1D5247B3BBD6}.Release|Any CPU.ActiveCfg = Release|Any CPU
		{198AFF3E-A3C5-464C-95C1-1D5247B3BBD6}.Release|Any CPU.Build.0 = Release|Any CPU
	EndGlobalSection
EndGlobal
